
Microsoft Visual Studio Solution File, Format Version 12.00
# Visual Studio Version 16
VisualStudioVersion = 16.0.810.8
MinimumVisualStudioVersion = 10.0.40219.1
Project("{FAE04EC0-301F-11D3-BF4B-00C04F79EFBC}") = "calculadora-estructura", "calculadora-estructura\calculadora-estructura.csproj", "{C3EDB9CB-517A-4496-AA09-F1D99755DF43}"
EndProject
Global
	GlobalSection(SolutionConfigurationPlatforms) = preSolution
		Debug|anycpu = Debug|anycpu
		Release|anycpu = Release|anycpu
	EndGlobalSection
	GlobalSection(ProjectConfigurationPlatforms) = postSolution
		{C3EDB9CB-517A-4496-AA09-F1D99755DF43}.Debug|anycpu.ActiveCfg = Debug|anycpu
		{C3EDB9CB-517A-4496-AA09-F1D99755DF43}.Debug|anycpu.Build.0 = Debug|anycpu
		{C3EDB9CB-517A-4496-AA09-F1D99755DF43}.Release|anycpu.ActiveCfg = Release|anycpu
		{C3EDB9CB-517A-4496-AA09-F1D99755DF43}.Release|anycpu.Build.0 = Release|anycpu
	EndGlobalSection
	GlobalSection(SolutionProperties) = preSolution
		HideSolutionNode = FALSE
	EndGlobalSection
	GlobalSection(ExtensibilityGlobals) = postSolution
		SolutionGuid = {F95865F0-9229-4E6F-95B2-E3DA8ADAA253}
	EndGlobalSection
EndGlobal
